// !$*UTF8*$!
{
	archiveVersion = 1;
	classes = {
	};
	objectVersion = 48;
	objects = {

/* Begin PBXBuildFile section */
		047622BE22468379005CD02C /* libsqlite3.0.tbd in Frameworks */ = {isa = PBXBuildFile; fileRef = 047622BD22468379005CD02C /* libsqlite3.0.tbd */; };
		047622C0224683D9005CD02C /* testForCheck.xib in Resources */ = {isa = PBXBuildFile; fileRef = 047622BF224683D9005CD02C /* testForCheck.xib */; };
		060A94AE2240C37E00F42A54 /* YYCheckWebViewController.m in Sources */ = {isa = PBXBuildFile; fileRef = 060A94AD2240C37E00F42A54 /* YYCheckWebViewController.m */; };
		060C4B7F222259DE004BA326 /* YYStockModel.m in Sources */ = {isa = PBXBuildFile; fileRef = 060C4B77222259DE004BA326 /* YYStockModel.m */; };
		060C4B80222259DE004BA326 /* YYSqliteManager.m in Sources */ = {isa = PBXBuildFile; fileRef = 060C4B7C222259DE004BA326 /* YYSqliteManager.m */; };
		060C4B81222259DE004BA326 /* YYMenuLabel.m in Sources */ = {isa = PBXBuildFile; fileRef = 060C4B7D222259DE004BA326 /* YYMenuLabel.m */; };
		060C4B82222259DE004BA326 /* YYStockDB.m in Sources */ = {isa = PBXBuildFile; fileRef = 060C4B7E222259DE004BA326 /* YYStockDB.m */; };
		060C4B8D222262A2004BA326 /* XMGTableTool.m in Sources */ = {isa = PBXBuildFile; fileRef = 060C4B85222262A1004BA326 /* XMGTableTool.m */; };
		060C4B8E222262A2004BA326 /* XMGSqliteModelTool.m in Sources */ = {isa = PBXBuildFile; fileRef = 060C4B86222262A1004BA326 /* XMGSqliteModelTool.m */; };
		060C4B8F222262A2004BA326 /* XMGSqliteTool.m in Sources */ = {isa = PBXBuildFile; fileRef = 060C4B87222262A1004BA326 /* XMGSqliteTool.m */; };
		060C4B90222262A2004BA326 /* XMGModelTool.m in Sources */ = {isa = PBXBuildFile; fileRef = 060C4B88222262A1004BA326 /* XMGModelTool.m */; };
		060C4B9422226B9C004BA326 /* YYBuyIntoViewController.m in Sources */ = {isa = PBXBuildFile; fileRef = 060C4B9222226B9C004BA326 /* YYBuyIntoViewController.m */; };
		060C4B9522226B9C004BA326 /* YYBuyIntoViewController.xib in Resources */ = {isa = PBXBuildFile; fileRef = 060C4B9322226B9C004BA326 /* YYBuyIntoViewController.xib */; };
		060C4B982222741D004BA326 /* YYBuyintoStockModel.m in Sources */ = {isa = PBXBuildFile; fileRef = 060C4B972222741D004BA326 /* YYBuyintoStockModel.m */; };
		06487AF32245BC2E0008A5F0 /* note&URS in Resources */ = {isa = PBXBuildFile; fileRef = 06487AF22245BC2E0008A5F0 /* note&URS */; };
		06C5BBC52252F0A90037B993 /* note201904 in Resources */ = {isa = PBXBuildFile; fileRef = 06C5BBC42252F0A90037B993 /* note201904 */; };
		06C5BBC92252FFD60037B993 /* YYSerachViewController.m in Sources */ = {isa = PBXBuildFile; fileRef = 06C5BBC82252FFD60037B993 /* YYSerachViewController.m */; };
		06C5BBD02253318B0037B993 /* ActionEvent.m in Sources */ = {isa = PBXBuildFile; fileRef = 06C5BBCD2253318A0037B993 /* ActionEvent.m */; };
		06C5BBD12253318B0037B993 /* ListenerBag.m in Sources */ = {isa = PBXBuildFile; fileRef = 06C5BBCF2253318A0037B993 /* ListenerBag.m */; };
		06C5BBD42253319D0037B993 /* TFEvent.m in Sources */ = {isa = PBXBuildFile; fileRef = 06C5BBD22253319C0037B993 /* TFEvent.m */; };
		06D1589B225B4A1A0040B6C6 /* YYRedeemViewController.m in Sources */ = {isa = PBXBuildFile; fileRef = 06D1589A225B4A1A0040B6C6 /* YYRedeemViewController.m */; };
		06D1589F225C6EFE0040B6C6 /* YYSelfDefineCategoryStock.m in Sources */ = {isa = PBXBuildFile; fileRef = 06D1589E225C6EFE0040B6C6 /* YYSelfDefineCategoryStock.m */; };
		06D158A8225C701B0040B6C6 /* AppDelegate.m in Sources */ = {isa = PBXBuildFile; fileRef = 06D158A7225C701B0040B6C6 /* AppDelegate.m */; };
		06D158AB225C701B0040B6C6 /* ViewController.m in Sources */ = {isa = PBXBuildFile; fileRef = 06D158AA225C701B0040B6C6 /* ViewController.m */; };
		06D158AE225C701B0040B6C6 /* Main.storyboard in Resources */ = {isa = PBXBuildFile; fileRef = 06D158AC225C701B0040B6C6 /* Main.storyboard */; };
		06D158B0225C701D0040B6C6 /* Assets.xcassets in Resources */ = {isa = PBXBuildFile; fileRef = 06D158AF225C701D0040B6C6 /* Assets.xcassets */; };
		06D158B3225C701D0040B6C6 /* LaunchScreen.storyboard in Resources */ = {isa = PBXBuildFile; fileRef = 06D158B1225C701D0040B6C6 /* LaunchScreen.storyboard */; };
		06D158B6225C701D0040B6C6 /* main.m in Sources */ = {isa = PBXBuildFile; fileRef = 06D158B5225C701D0040B6C6 /* main.m */; };
		06D158D5225C711C0040B6C6 /* NSLayoutConstraint+MASDebugAdditions.m in Sources */ = {isa = PBXBuildFile; fileRef = 06D158BC225C711C0040B6C6 /* NSLayoutConstraint+MASDebugAdditions.m */; };
		06D158D6225C711C0040B6C6 /* ViewController+MASAdditions.m in Sources */ = {isa = PBXBuildFile; fileRef = 06D158C5225C711C0040B6C6 /* ViewController+MASAdditions.m */; };
		06D158D7225C711C0040B6C6 /* MASCompositeConstraint.m in Sources */ = {isa = PBXBuildFile; fileRef = 06D158C9225C711C0040B6C6 /* MASCompositeConstraint.m */; };
		06D158D8225C711C0040B6C6 /* MASConstraintMaker.m in Sources */ = {isa = PBXBuildFile; fileRef = 06D158CA225C711C0040B6C6 /* MASConstraintMaker.m */; };
		06D158D9225C711C0040B6C6 /* MASLayoutConstraint.m in Sources */ = {isa = PBXBuildFile; fileRef = 06D158CB225C711C0040B6C6 /* MASLayoutConstraint.m */; };
		06D158DA225C711C0040B6C6 /* NSArray+MASAdditions.m in Sources */ = {isa = PBXBuildFile; fileRef = 06D158CC225C711C0040B6C6 /* NSArray+MASAdditions.m */; };
		06D158DB225C711C0040B6C6 /* View+MASAdditions.m in Sources */ = {isa = PBXBuildFile; fileRef = 06D158CD225C711C0040B6C6 /* View+MASAdditions.m */; };
		06D158DC225C711C0040B6C6 /* MASConstraint.m in Sources */ = {isa = PBXBuildFile; fileRef = 06D158D0225C711C0040B6C6 /* MASConstraint.m */; };
		06D158DD225C711C0040B6C6 /* MASViewConstraint.m in Sources */ = {isa = PBXBuildFile; fileRef = 06D158D2225C711C0040B6C6 /* MASViewConstraint.m */; };
		06D158DE225C711C0040B6C6 /* MASViewAttribute.m in Sources */ = {isa = PBXBuildFile; fileRef = 06D158D3225C711C0040B6C6 /* MASViewAttribute.m */; };
		06D158DF225C711C0040B6C6 /* Info.plist in Resources */ = {isa = PBXBuildFile; fileRef = 06D158D4225C711C0040B6C6 /* Info.plist */; };
		06D158E1225C71A80040B6C6 /* food.json in Resources */ = {isa = PBXBuildFile; fileRef = 06D158E0225C71A70040B6C6 /* food.json */; };
		06D158E7225C734B0040B6C6 /* MTCategoryCell.m in Sources */ = {isa = PBXBuildFile; fileRef = 06D158E4225C73490040B6C6 /* MTCategoryCell.m */; };
		06D158E8225C734B0040B6C6 /* MTStockHeaderView.m in Sources */ = {isa = PBXBuildFile; fileRef = 06D158E6225C734A0040B6C6 /* MTStockHeaderView.m */; };
		06D158EA225C781A0040B6C6 /* YYSelfDefineCategoryStock.m in Sources */ = {isa = PBXBuildFile; fileRef = 06D1589E225C6EFE0040B6C6 /* YYSelfDefineCategoryStock.m */; };
		06D158ED225C81FB0040B6C6 /* StrongStocks.json in Resources */ = {isa = PBXBuildFile; fileRef = 06D158EC225C81FA0040B6C6 /* StrongStocks.json */; };
		06D158F3225C84120040B6C6 /* YYStockViewCell.m in Sources */ = {isa = PBXBuildFile; fileRef = 06D158F1225C84120040B6C6 /* YYStockViewCell.m */; };
		06D158F4225C84120040B6C6 /* YYStockScrollView.m in Sources */ = {isa = PBXBuildFile; fileRef = 06D158F2225C84120040B6C6 /* YYStockScrollView.m */; };
		6186110E1F95E2F600E4E8B4 /* JJStockScrollView.m in Sources */ = {isa = PBXBuildFile; fileRef = 6186110D1F95E2F600E4E8B4 /* JJStockScrollView.m */; };
		61F13E7A1F91F670002F4681 /* AppDelegate.m in Sources */ = {isa = PBXBuildFile; fileRef = 61F13E791F91F670002F4681 /* AppDelegate.m */; };
		61F13E7D1F91F670002F4681 /* DemoViewController.m in Sources */ = {isa = PBXBuildFile; fileRef = 61F13E7C1F91F670002F4681 /* DemoViewController.m */; };
		61F13E821F91F670002F4681 /* Assets.xcassets in Resources */ = {isa = PBXBuildFile; fileRef = 61F13E811F91F670002F4681 /* Assets.xcassets */; };
		61F13E881F91F670002F4681 /* main.m in Sources */ = {isa = PBXBuildFile; fileRef = 61F13E871F91F670002F4681 /* main.m */; };
		61F13E921F91F670002F4681 /* StockViewTests.m in Sources */ = {isa = PBXBuildFile; fileRef = 61F13E911F91F670002F4681 /* StockViewTests.m */; };
		61F13E9D1F91F670002F4681 /* StockViewUITests.m in Sources */ = {isa = PBXBuildFile; fileRef = 61F13E9C1F91F670002F4681 /* StockViewUITests.m */; };
		61F13EAF1F91F6D4002F4681 /* JJStockViewCell.m in Sources */ = {isa = PBXBuildFile; fileRef = 61F13EAB1F91F6D3002F4681 /* JJStockViewCell.m */; };
		61F13EB01F91F6D4002F4681 /* JJStockView.m in Sources */ = {isa = PBXBuildFile; fileRef = 61F13EAD1F91F6D4002F4681 /* JJStockView.m */; };
		FD0E692F2236308800B1F67F /* XMGSessionManager.m in Sources */ = {isa = PBXBuildFile; fileRef = FD0E692E2236308800B1F67F /* XMGSessionManager.m */; };
		FD0E693F223630E200B1F67F /* AFURLResponseSerialization.m in Sources */ = {isa = PBXBuildFile; fileRef = FD0E6935223630E200B1F67F /* AFURLResponseSerialization.m */; };
		FD0E6940223630E200B1F67F /* AFHTTPSessionManager.m in Sources */ = {isa = PBXBuildFile; fileRef = FD0E6936223630E200B1F67F /* AFHTTPSessionManager.m */; };
		FD0E6941223630E200B1F67F /* AFURLSessionManager.m in Sources */ = {isa = PBXBuildFile; fileRef = FD0E6938223630E200B1F67F /* AFURLSessionManager.m */; };
		FD0E6942223630E200B1F67F /* AFURLRequestSerialization.m in Sources */ = {isa = PBXBuildFile; fileRef = FD0E6939223630E200B1F67F /* AFURLRequestSerialization.m */; };
		FD0E6943223630E200B1F67F /* AFNetworkReachabilityManager.m in Sources */ = {isa = PBXBuildFile; fileRef = FD0E693B223630E200B1F67F /* AFNetworkReachabilityManager.m */; };
		FD0E6944223630E200B1F67F /* AFSecurityPolicy.m in Sources */ = {isa = PBXBuildFile; fileRef = FD0E693C223630E200B1F67F /* AFSecurityPolicy.m */; };
		FD0E69472236381E00B1F67F /* BaseNetManager.m in Sources */ = {isa = PBXBuildFile; fileRef = FD0E69462236381E00B1F67F /* BaseNetManager.m */; };
		FD6916402228EC7F00DE3CD6 /* YYWebViewController.m in Sources */ = {isa = PBXBuildFile; fileRef = FD69163F2228EC7F00DE3CD6 /* YYWebViewController.m */; };
		FDC46B822223854200C58FA2 /* NTMonthYearPicker.m in Sources */ = {isa = PBXBuildFile; fileRef = FDC46B802223854200C58FA2 /* NTMonthYearPicker.m */; };
		FDC46BA22223CA3300C58FA2 /* UIViewController+Swizzle.m in Sources */ = {isa = PBXBuildFile; fileRef = FDC46B972223CA3300C58FA2 /* UIViewController+Swizzle.m */; };
		FDC46BA32223CA3300C58FA2 /* NSDictionary+Swizzle.m in Sources */ = {isa = PBXBuildFile; fileRef = FDC46B992223CA3300C58FA2 /* NSDictionary+Swizzle.m */; };
		FDC46BA42223CA3300C58FA2 /* UIButton+Swizzle.m in Sources */ = {isa = PBXBuildFile; fileRef = FDC46B9B2223CA3300C58FA2 /* UIButton+Swizzle.m */; };
		FDC46BA52223CA3300C58FA2 /* NSArray+Swizzle.m in Sources */ = {isa = PBXBuildFile; fileRef = FDC46B9D2223CA3300C58FA2 /* NSArray+Swizzle.m */; };
		FDC46BA62223CA3300C58FA2 /* JRSwizzle.m in Sources */ = {isa = PBXBuildFile; fileRef = FDC46B9F2223CA3300C58FA2 /* JRSwizzle.m */; };
		FDC46BA72223CA3300C58FA2 /* UIApplication+Swizzle.m in Sources */ = {isa = PBXBuildFile; fileRef = FDC46BA02223CA3300C58FA2 /* UIApplication+Swizzle.m */; };
		FDF0B7502223DFBD003A6999 /* YYDateUtil.m in Sources */ = {isa = PBXBuildFile; fileRef = FDF0B74F2223DFBD003A6999 /* YYDateUtil.m */; };
		FDF0B7532223E2AF003A6999 /* LocalNotificationManager.m in Sources */ = {isa = PBXBuildFile; fileRef = FDF0B7512223E2AF003A6999 /* LocalNotificationManager.m */; };
		FDF0BEF72230E9490040A892 /* YYKLineWebViewController.m in Sources */ = {isa = PBXBuildFile; fileRef = FDF0BEF62230E9490040A892 /* YYKLineWebViewController.m */; };
/* End PBXBuildFile section */

/* Begin PBXContainerItemProxy section */
		61F13E8E1F91F670002F4681 /* PBXContainerItemProxy */ = {
			isa = PBXContainerItemProxy;
			containerPortal = 61F13E6D1F91F670002F4681 /* Project object */;
			proxyType = 1;
			remoteGlobalIDString = 61F13E741F91F670002F4681;
			remoteInfo = StockView;
		};
		61F13E991F91F670002F4681 /* PBXContainerItemProxy */ = {
			isa = PBXContainerItemProxy;
			containerPortal = 61F13E6D1F91F670002F4681 /* Project object */;
			proxyType = 1;
			remoteGlobalIDString = 61F13E741F91F670002F4681;
			remoteInfo = StockView;
		};
/* End PBXContainerItemProxy section */

/* Begin PBXFileReference section */
		047622BD22468379005CD02C /* libsqlite3.0.tbd */ = {isa = PBXFileReference; lastKnownFileType = "sourcecode.text-based-dylib-definition"; name = libsqlite3.0.tbd; path = usr/lib/libsqlite3.0.tbd; sourceTree = SDKROOT; };
		047622BF224683D9005CD02C /* testForCheck.xib */ = {isa = PBXFileReference; fileEncoding = 4; lastKnownFileType = file.xib; path = testForCheck.xib; sourceTree = "<group>"; };
		060A94AC2240C37E00F42A54 /* YYCheckWebViewController.h */ = {isa = PBXFileReference; lastKnownFileType = sourcecode.c.h; path = YYCheckWebViewController.h; sourceTree = "<group>"; };
		060A94AD2240C37E00F42A54 /* YYCheckWebViewController.m */ = {isa = PBXFileReference; lastKnownFileType = sourcecode.c.objc; path = YYCheckWebViewController.m; sourceTree = "<group>"; };
		060C4B77222259DE004BA326 /* YYStockModel.m */ = {isa = PBXFileReference; fileEncoding = 4; lastKnownFileType = sourcecode.c.objc; path = YYStockModel.m; sourceTree = "<group>"; };
		060C4B78222259DE004BA326 /* YYSqliteManager.h */ = {isa = PBXFileReference; fileEncoding = 4; lastKnownFileType = sourcecode.c.h; path = YYSqliteManager.h; sourceTree = "<group>"; };
		060C4B79222259DE004BA326 /* YYStockDB.h */ = {isa = PBXFileReference; fileEncoding = 4; lastKnownFileType = sourcecode.c.h; path = YYStockDB.h; sourceTree = "<group>"; };
		060C4B7A222259DE004BA326 /* YYMenuLabel.h */ = {isa = PBXFileReference; fileEncoding = 4; lastKnownFileType = sourcecode.c.h; path = YYMenuLabel.h; sourceTree = "<group>"; };
		060C4B7B222259DE004BA326 /* YYStockModel.h */ = {isa = PBXFileReference; fileEncoding = 4; lastKnownFileType = sourcecode.c.h; path = YYStockModel.h; sourceTree = "<group>"; };
		060C4B7C222259DE004BA326 /* YYSqliteManager.m */ = {isa = PBXFileReference; fileEncoding = 4; lastKnownFileType = sourcecode.c.objc; path = YYSqliteManager.m; sourceTree = "<group>"; };
		060C4B7D222259DE004BA326 /* YYMenuLabel.m */ = {isa = PBXFileReference; fileEncoding = 4; lastKnownFileType = sourcecode.c.objc; path = YYMenuLabel.m; sourceTree = "<group>"; };
		060C4B7E222259DE004BA326 /* YYStockDB.m */ = {isa = PBXFileReference; fileEncoding = 4; lastKnownFileType = sourcecode.c.objc; path = YYStockDB.m; sourceTree = "<group>"; };
		060C4B84222262A1004BA326 /* XMGModelProtocol.h */ = {isa = PBXFileReference; fileEncoding = 4; lastKnownFileType = sourcecode.c.h; path = XMGModelProtocol.h; sourceTree = "<group>"; };
		060C4B85222262A1004BA326 /* XMGTableTool.m */ = {isa = PBXFileReference; fileEncoding = 4; lastKnownFileType = sourcecode.c.objc; path = XMGTableTool.m; sourceTree = "<group>"; };
		060C4B86222262A1004BA326 /* XMGSqliteModelTool.m */ = {isa = PBXFileReference; fileEncoding = 4; lastKnownFileType = sourcecode.c.objc; path = XMGSqliteModelTool.m; sourceTree = "<group>"; };
		060C4B87222262A1004BA326 /* XMGSqliteTool.m */ = {isa = PBXFileReference; fileEncoding = 4; lastKnownFileType = sourcecode.c.objc; path = XMGSqliteTool.m; sourceTree = "<group>"; };
		060C4B88222262A1004BA326 /* XMGModelTool.m */ = {isa = PBXFileReference; fileEncoding = 4; lastKnownFileType = sourcecode.c.objc; path = XMGModelTool.m; sourceTree = "<group>"; };
		060C4B89222262A1004BA326 /* XMGTableTool.h */ = {isa = PBXFileReference; fileEncoding = 4; lastKnownFileType = sourcecode.c.h; path = XMGTableTool.h; sourceTree = "<group>"; };
		060C4B8A222262A1004BA326 /* XMGSqliteModelTool.h */ = {isa = PBXFileReference; fileEncoding = 4; lastKnownFileType = sourcecode.c.h; path = XMGSqliteModelTool.h; sourceTree = "<group>"; };
		060C4B8B222262A1004BA326 /* XMGModelTool.h */ = {isa = PBXFileReference; fileEncoding = 4; lastKnownFileType = sourcecode.c.h; path = XMGModelTool.h; sourceTree = "<group>"; };
		060C4B8C222262A1004BA326 /* XMGSqliteTool.h */ = {isa = PBXFileReference; fileEncoding = 4; lastKnownFileType = sourcecode.c.h; path = XMGSqliteTool.h; sourceTree = "<group>"; };
		060C4B9122226B9C004BA326 /* YYBuyIntoViewController.h */ = {isa = PBXFileReference; lastKnownFileType = sourcecode.c.h; path = YYBuyIntoViewController.h; sourceTree = "<group>"; };
		060C4B9222226B9C004BA326 /* YYBuyIntoViewController.m */ = {isa = PBXFileReference; lastKnownFileType = sourcecode.c.objc; path = YYBuyIntoViewController.m; sourceTree = "<group>"; };
		060C4B9322226B9C004BA326 /* YYBuyIntoViewController.xib */ = {isa = PBXFileReference; lastKnownFileType = file.xib; path = YYBuyIntoViewController.xib; sourceTree = "<group>"; };
		060C4B962222741D004BA326 /* YYBuyintoStockModel.h */ = {isa = PBXFileReference; lastKnownFileType = sourcecode.c.h; path = YYBuyintoStockModel.h; sourceTree = "<group>"; };
		060C4B972222741D004BA326 /* YYBuyintoStockModel.m */ = {isa = PBXFileReference; lastKnownFileType = sourcecode.c.objc; path = YYBuyintoStockModel.m; sourceTree = "<group>"; };
		06487AF22245BC2E0008A5F0 /* note&URS */ = {isa = PBXFileReference; lastKnownFileType = text; path = "note&URS"; sourceTree = "<group>"; };
		06C5BBC42252F0A90037B993 /* note201904 */ = {isa = PBXFileReference; lastKnownFileType = text; path = note201904; sourceTree = "<group>"; };
		06C5BBC72252FFD60037B993 /* YYSerachViewController.h */ = {isa = PBXFileReference; lastKnownFileType = sourcecode.c.h; path = YYSerachViewController.h; sourceTree = "<group>"; };
		06C5BBC82252FFD60037B993 /* YYSerachViewController.m */ = {isa = PBXFileReference; lastKnownFileType = sourcecode.c.objc; path = YYSerachViewController.m; sourceTree = "<group>"; };
		06C5BBCB2253318A0037B993 /* ListenerBag.h */ = {isa = PBXFileReference; fileEncoding = 4; lastKnownFileType = sourcecode.c.h; path = ListenerBag.h; sourceTree = "<group>"; };
		06C5BBCC2253318A0037B993 /* ActionEvent.h */ = {isa = PBXFileReference; fileEncoding = 4; lastKnownFileType = sourcecode.c.h; path = ActionEvent.h; sourceTree = "<group>"; };
		06C5BBCD2253318A0037B993 /* ActionEvent.m */ = {isa = PBXFileReference; fileEncoding = 4; lastKnownFileType = sourcecode.c.objc; path = ActionEvent.m; sourceTree = "<group>"; };
		06C5BBCE2253318A0037B993 /* ActionListener.h */ = {isa = PBXFileReference; fileEncoding = 4; lastKnownFileType = sourcecode.c.h; path = ActionListener.h; sourceTree = "<group>"; };
		06C5BBCF2253318A0037B993 /* ListenerBag.m */ = {isa = PBXFileReference; fileEncoding = 4; lastKnownFileType = sourcecode.c.objc; path = ListenerBag.m; sourceTree = "<group>"; };
		06C5BBD22253319C0037B993 /* TFEvent.m */ = {isa = PBXFileReference; fileEncoding = 4; lastKnownFileType = sourcecode.c.objc; path = TFEvent.m; sourceTree = "<group>"; };
		06C5BBD32253319D0037B993 /* TFEvent.h */ = {isa = PBXFileReference; fileEncoding = 4; lastKnownFileType = sourcecode.c.h; path = TFEvent.h; sourceTree = "<group>"; };
		06C5BBD5225332000037B993 /* ItemListener.h */ = {isa = PBXFileReference; fileEncoding = 4; lastKnownFileType = sourcecode.c.h; path = ItemListener.h; sourceTree = "<group>"; };
		06C5BBD62253320C0037B993 /* ChangeListener.h */ = {isa = PBXFileReference; fileEncoding = 4; lastKnownFileType = sourcecode.c.h; path = ChangeListener.h; sourceTree = "<group>"; };
		06D15899225B4A1A0040B6C6 /* YYRedeemViewController.h */ = {isa = PBXFileReference; lastKnownFileType = sourcecode.c.h; path = YYRedeemViewController.h; sourceTree = "<group>"; };
		06D1589A225B4A1A0040B6C6 /* YYRedeemViewController.m */ = {isa = PBXFileReference; lastKnownFileType = sourcecode.c.objc; path = YYRedeemViewController.m; sourceTree = "<group>"; };
		06D1589D225C6EFE0040B6C6 /* YYSelfDefineCategoryStock.h */ = {isa = PBXFileReference; lastKnownFileType = sourcecode.c.h; path = YYSelfDefineCategoryStock.h; sourceTree = "<group>"; };
		06D1589E225C6EFE0040B6C6 /* YYSelfDefineCategoryStock.m */ = {isa = PBXFileReference; lastKnownFileType = sourcecode.c.objc; path = YYSelfDefineCategoryStock.m; sourceTree = "<group>"; };
		06D158A4225C701B0040B6C6 /* MyselfFunction.app */ = {isa = PBXFileReference; explicitFileType = wrapper.application; includeInIndex = 0; path = MyselfFunction.app; sourceTree = BUILT_PRODUCTS_DIR; };
		06D158A6225C701B0040B6C6 /* AppDelegate.h */ = {isa = PBXFileReference; lastKnownFileType = sourcecode.c.h; path = AppDelegate.h; sourceTree = "<group>"; };
		06D158A7225C701B0040B6C6 /* AppDelegate.m */ = {isa = PBXFileReference; lastKnownFileType = sourcecode.c.objc; path = AppDelegate.m; sourceTree = "<group>"; };
		06D158A9225C701B0040B6C6 /* ViewController.h */ = {isa = PBXFileReference; lastKnownFileType = sourcecode.c.h; path = ViewController.h; sourceTree = "<group>"; };
		06D158AA225C701B0040B6C6 /* ViewController.m */ = {isa = PBXFileReference; lastKnownFileType = sourcecode.c.objc; path = ViewController.m; sourceTree = "<group>"; };
		06D158AD225C701B0040B6C6 /* Base */ = {isa = PBXFileReference; lastKnownFileType = file.storyboard; name = Base; path = Base.lproj/Main.storyboard; sourceTree = "<group>"; };
		06D158AF225C701D0040B6C6 /* Assets.xcassets */ = {isa = PBXFileReference; lastKnownFileType = folder.assetcatalog; path = Assets.xcassets; sourceTree = "<group>"; };
		06D158B2225C701D0040B6C6 /* Base */ = {isa = PBXFileReference; lastKnownFileType = file.storyboard; name = Base; path = Base.lproj/LaunchScreen.storyboard; sourceTree = "<group>"; };
		06D158B4225C701D0040B6C6 /* Info.plist */ = {isa = PBXFileReference; lastKnownFileType = text.plist.xml; path = Info.plist; sourceTree = "<group>"; };
		06D158B5225C701D0040B6C6 /* main.m */ = {isa = PBXFileReference; lastKnownFileType = sourcecode.c.objc; path = main.m; sourceTree = "<group>"; };
		06D158BB225C711C0040B6C6 /* MASCompositeConstraint.h */ = {isa = PBXFileReference; fileEncoding = 4; lastKnownFileType = sourcecode.c.h; path = MASCompositeConstraint.h; sourceTree = "<group>"; };
		06D158BC225C711C0040B6C6 /* NSLayoutConstraint+MASDebugAdditions.m */ = {isa = PBXFileReference; fileEncoding = 4; lastKnownFileType = sourcecode.c.objc; path = "NSLayoutConstraint+MASDebugAdditions.m"; sourceTree = "<group>"; };
		06D158BD225C711C0040B6C6 /* MASConstraint+Private.h */ = {isa = PBXFileReference; fileEncoding = 4; lastKnownFileType = sourcecode.c.h; path = "MASConstraint+Private.h"; sourceTree = "<group>"; };
		06D158BE225C711C0040B6C6 /* MASLayoutConstraint.h */ = {isa = PBXFileReference; fileEncoding = 4; lastKnownFileType = sourcecode.c.h; path = MASLayoutConstraint.h; sourceTree = "<group>"; };
		06D158BF225C711C0040B6C6 /* NSArray+MASShorthandAdditions.h */ = {isa = PBXFileReference; fileEncoding = 4; lastKnownFileType = sourcecode.c.h; path = "NSArray+MASShorthandAdditions.h"; sourceTree = "<group>"; };
		06D158C0225C711C0040B6C6 /* MASConstraintMaker.h */ = {isa = PBXFileReference; fileEncoding = 4; lastKnownFileType = sourcecode.c.h; path = MASConstraintMaker.h; sourceTree = "<group>"; };
		06D158C1225C711C0040B6C6 /* View+MASAdditions.h */ = {isa = PBXFileReference; fileEncoding = 4; lastKnownFileType = sourcecode.c.h; path = "View+MASAdditions.h"; sourceTree = "<group>"; };
		06D158C2225C711C0040B6C6 /* NSArray+MASAdditions.h */ = {isa = PBXFileReference; fileEncoding = 4; lastKnownFileType = sourcecode.c.h; path = "NSArray+MASAdditions.h"; sourceTree = "<group>"; };
		06D158C3225C711C0040B6C6 /* MASUtilities.h */ = {isa = PBXFileReference; fileEncoding = 4; lastKnownFileType = sourcecode.c.h; path = MASUtilities.h; sourceTree = "<group>"; };
		06D158C4225C711C0040B6C6 /* MASViewAttribute.h */ = {isa = PBXFileReference; fileEncoding = 4; lastKnownFileType = sourcecode.c.h; path = MASViewAttribute.h; sourceTree = "<group>"; };
		06D158C5225C711C0040B6C6 /* ViewController+MASAdditions.m */ = {isa = PBXFileReference; fileEncoding = 4; lastKnownFileType = sourcecode.c.objc; path = "ViewController+MASAdditions.m"; sourceTree = "<group>"; };
		06D158C6225C711C0040B6C6 /* MASViewConstraint.h */ = {isa = PBXFileReference; fileEncoding = 4; lastKnownFileType = sourcecode.c.h; path = MASViewConstraint.h; sourceTree = "<group>"; };
		06D158C7225C711C0040B6C6 /* MASConstraint.h */ = {isa = PBXFileReference; fileEncoding = 4; lastKnownFileType = sourcecode.c.h; path = MASConstraint.h; sourceTree = "<group>"; };
		06D158C8225C711C0040B6C6 /* NSLayoutConstraint+MASDebugAdditions.h */ = {isa = PBXFileReference; fileEncoding = 4; lastKnownFileType = sourcecode.c.h; path = "NSLayoutConstraint+MASDebugAdditions.h"; sourceTree = "<group>"; };
		06D158C9225C711C0040B6C6 /* MASCompositeConstraint.m */ = {isa = PBXFileReference; fileEncoding = 4; lastKnownFileType = sourcecode.c.objc; path = MASCompositeConstraint.m; sourceTree = "<group>"; };
		06D158CA225C711C0040B6C6 /* MASConstraintMaker.m */ = {isa = PBXFileReference; fileEncoding = 4; lastKnownFileType = sourcecode.c.objc; path = MASConstraintMaker.m; sourceTree = "<group>"; };
		06D158CB225C711C0040B6C6 /* MASLayoutConstraint.m */ = {isa = PBXFileReference; fileEncoding = 4; lastKnownFileType = sourcecode.c.objc; path = MASLayoutConstraint.m; sourceTree = "<group>"; };
		06D158CC225C711C0040B6C6 /* NSArray+MASAdditions.m */ = {isa = PBXFileReference; fileEncoding = 4; lastKnownFileType = sourcecode.c.objc; path = "NSArray+MASAdditions.m"; sourceTree = "<group>"; };
		06D158CD225C711C0040B6C6 /* View+MASAdditions.m */ = {isa = PBXFileReference; fileEncoding = 4; lastKnownFileType = sourcecode.c.objc; path = "View+MASAdditions.m"; sourceTree = "<group>"; };
		06D158CE225C711C0040B6C6 /* View+MASShorthandAdditions.h */ = {isa = PBXFileReference; fileEncoding = 4; lastKnownFileType = sourcecode.c.h; path = "View+MASShorthandAdditions.h"; sourceTree = "<group>"; };
		06D158CF225C711C0040B6C6 /* Masonry.h */ = {isa = PBXFileReference; fileEncoding = 4; lastKnownFileType = sourcecode.c.h; path = Masonry.h; sourceTree = "<group>"; };
		06D158D0225C711C0040B6C6 /* MASConstraint.m */ = {isa = PBXFileReference; fileEncoding = 4; lastKnownFileType = sourcecode.c.objc; path = MASConstraint.m; sourceTree = "<group>"; };
		06D158D1225C711C0040B6C6 /* ViewController+MASAdditions.h */ = {isa = PBXFileReference; fileEncoding = 4; lastKnownFileType = sourcecode.c.h; path = "ViewController+MASAdditions.h"; sourceTree = "<group>"; };
		06D158D2225C711C0040B6C6 /* MASViewConstraint.m */ = {isa = PBXFileReference; fileEncoding = 4; lastKnownFileType = sourcecode.c.objc; path = MASViewConstraint.m; sourceTree = "<group>"; };
		06D158D3225C711C0040B6C6 /* MASViewAttribute.m */ = {isa = PBXFileReference; fileEncoding = 4; lastKnownFileType = sourcecode.c.objc; path = MASViewAttribute.m; sourceTree = "<group>"; };
		06D158D4225C711C0040B6C6 /* Info.plist */ = {isa = PBXFileReference; fileEncoding = 4; lastKnownFileType = text.plist.xml; path = Info.plist; sourceTree = "<group>"; };
		06D158E0225C71A70040B6C6 /* food.json */ = {isa = PBXFileReference; fileEncoding = 4; lastKnownFileType = text.json; path = food.json; sourceTree = "<group>"; };
		06D158E3225C73480040B6C6 /* MTStockHeaderView.h */ = {isa = PBXFileReference; fileEncoding = 4; lastKnownFileType = sourcecode.c.h; path = MTStockHeaderView.h; sourceTree = "<group>"; };
		06D158E4225C73490040B6C6 /* MTCategoryCell.m */ = {isa = PBXFileReference; fileEncoding = 4; lastKnownFileType = sourcecode.c.objc; path = MTCategoryCell.m; sourceTree = "<group>"; };
		06D158E5225C734A0040B6C6 /* MTCategoryCell.h */ = {isa = PBXFileReference; fileEncoding = 4; lastKnownFileType = sourcecode.c.h; path = MTCategoryCell.h; sourceTree = "<group>"; };
		06D158E6225C734A0040B6C6 /* MTStockHeaderView.m */ = {isa = PBXFileReference; fileEncoding = 4; lastKnownFileType = sourcecode.c.objc; path = MTStockHeaderView.m; sourceTree = "<group>"; };
		06D158E9225C74060040B6C6 /* All.h */ = {isa = PBXFileReference; lastKnownFileType = sourcecode.c.h; path = All.h; sourceTree = "<group>"; };
		06D158EC225C81FA0040B6C6 /* StrongStocks.json */ = {isa = PBXFileReference; fileEncoding = 4; lastKnownFileType = text.json; path = StrongStocks.json; sourceTree = "<group>"; };
		06D158EF225C84120040B6C6 /* YYStockViewCell.h */ = {isa = PBXFileReference; fileEncoding = 4; lastKnownFileType = sourcecode.c.h; path = YYStockViewCell.h; sourceTree = "<group>"; };
		06D158F0225C84120040B6C6 /* YYStockScrollView.h */ = {isa = PBXFileReference; fileEncoding = 4; lastKnownFileType = sourcecode.c.h; path = YYStockScrollView.h; sourceTree = "<group>"; };
		06D158F1225C84120040B6C6 /* YYStockViewCell.m */ = {isa = PBXFileReference; fileEncoding = 4; lastKnownFileType = sourcecode.c.objc; path = YYStockViewCell.m; sourceTree = "<group>"; };
		06D158F2225C84120040B6C6 /* YYStockScrollView.m */ = {isa = PBXFileReference; fileEncoding = 4; lastKnownFileType = sourcecode.c.objc; path = YYStockScrollView.m; sourceTree = "<group>"; };
		6186110C1F95E2F600E4E8B4 /* JJStockScrollView.h */ = {isa = PBXFileReference; lastKnownFileType = sourcecode.c.h; path = JJStockScrollView.h; sourceTree = "<group>"; };
		6186110D1F95E2F600E4E8B4 /* JJStockScrollView.m */ = {isa = PBXFileReference; lastKnownFileType = sourcecode.c.objc; path = JJStockScrollView.m; sourceTree = "<group>"; };
		61F13E751F91F670002F4681 /* JJStockView.app */ = {isa = PBXFileReference; explicitFileType = wrapper.application; includeInIndex = 0; path = JJStockView.app; sourceTree = BUILT_PRODUCTS_DIR; };
		61F13E781F91F670002F4681 /* AppDelegate.h */ = {isa = PBXFileReference; lastKnownFileType = sourcecode.c.h; path = AppDelegate.h; sourceTree = "<group>"; };
		61F13E791F91F670002F4681 /* AppDelegate.m */ = {isa = PBXFileReference; lastKnownFileType = sourcecode.c.objc; path = AppDelegate.m; sourceTree = "<group>"; };
		61F13E7B1F91F670002F4681 /* DemoViewController.h */ = {isa = PBXFileReference; lastKnownFileType = sourcecode.c.h; path = DemoViewController.h; sourceTree = "<group>"; };
		61F13E7C1F91F670002F4681 /* DemoViewController.m */ = {isa = PBXFileReference; lastKnownFileType = sourcecode.c.objc; path = DemoViewController.m; sourceTree = "<group>"; };
		61F13E811F91F670002F4681 /* Assets.xcassets */ = {isa = PBXFileReference; lastKnownFileType = folder.assetcatalog; path = Assets.xcassets; sourceTree = "<group>"; };
		61F13E861F91F670002F4681 /* Info.plist */ = {isa = PBXFileReference; lastKnownFileType = text.plist.xml; path = Info.plist; sourceTree = "<group>"; };
		61F13E871F91F670002F4681 /* main.m */ = {isa = PBXFileReference; lastKnownFileType = sourcecode.c.objc; path = main.m; sourceTree = "<group>"; };
		61F13E8D1F91F670002F4681 /* JJStockViewTests.xctest */ = {isa = PBXFileReference; explicitFileType = wrapper.cfbundle; includeInIndex = 0; path = JJStockViewTests.xctest; sourceTree = BUILT_PRODUCTS_DIR; };
		61F13E911F91F670002F4681 /* StockViewTests.m */ = {isa = PBXFileReference; lastKnownFileType = sourcecode.c.objc; path = StockViewTests.m; sourceTree = "<group>"; };
		61F13E931F91F670002F4681 /* Info.plist */ = {isa = PBXFileReference; lastKnownFileType = text.plist.xml; path = Info.plist; sourceTree = "<group>"; };
		61F13E981F91F670002F4681 /* JJStockViewUITests.xctest */ = {isa = PBXFileReference; explicitFileType = wrapper.cfbundle; includeInIndex = 0; path = JJStockViewUITests.xctest; sourceTree = BUILT_PRODUCTS_DIR; };
		61F13E9C1F91F670002F4681 /* StockViewUITests.m */ = {isa = PBXFileReference; lastKnownFileType = sourcecode.c.objc; path = StockViewUITests.m; sourceTree = "<group>"; };
		61F13E9E1F91F670002F4681 /* Info.plist */ = {isa = PBXFileReference; lastKnownFileType = text.plist.xml; path = Info.plist; sourceTree = "<group>"; };
		61F13EAB1F91F6D3002F4681 /* JJStockViewCell.m */ = {isa = PBXFileReference; fileEncoding = 4; lastKnownFileType = sourcecode.c.objc; path = JJStockViewCell.m; sourceTree = "<group>"; };
		61F13EAC1F91F6D3002F4681 /* JJStockViewCell.h */ = {isa = PBXFileReference; fileEncoding = 4; lastKnownFileType = sourcecode.c.h; path = JJStockViewCell.h; sourceTree = "<group>"; };
		61F13EAD1F91F6D4002F4681 /* JJStockView.m */ = {isa = PBXFileReference; fileEncoding = 4; lastKnownFileType = sourcecode.c.objc; path = JJStockView.m; sourceTree = "<group>"; };
		61F13EAE1F91F6D4002F4681 /* JJStockView.h */ = {isa = PBXFileReference; fileEncoding = 4; lastKnownFileType = sourcecode.c.h; path = JJStockView.h; sourceTree = "<group>"; };
		FD0E692D2236308800B1F67F /* XMGSessionManager.h */ = {isa = PBXFileReference; fileEncoding = 4; lastKnownFileType = sourcecode.c.h; path = XMGSessionManager.h; sourceTree = "<group>"; };
		FD0E692E2236308800B1F67F /* XMGSessionManager.m */ = {isa = PBXFileReference; fileEncoding = 4; lastKnownFileType = sourcecode.c.objc; path = XMGSessionManager.m; sourceTree = "<group>"; };
		FD0E6931223630E200B1F67F /* AFSecurityPolicy.h */ = {isa = PBXFileReference; fileEncoding = 4; lastKnownFileType = sourcecode.c.h; path = AFSecurityPolicy.h; sourceTree = "<group>"; };
		FD0E6932223630E200B1F67F /* AFNetworkReachabilityManager.h */ = {isa = PBXFileReference; fileEncoding = 4; lastKnownFileType = sourcecode.c.h; path = AFNetworkReachabilityManager.h; sourceTree = "<group>"; };
		FD0E6933223630E200B1F67F /* AFURLSessionManager.h */ = {isa = PBXFileReference; fileEncoding = 4; lastKnownFileType = sourcecode.c.h; path = AFURLSessionManager.h; sourceTree = "<group>"; };
		FD0E6934223630E200B1F67F /* AFURLRequestSerialization.h */ = {isa = PBXFileReference; fileEncoding = 4; lastKnownFileType = sourcecode.c.h; path = AFURLRequestSerialization.h; sourceTree = "<group>"; };
		FD0E6935223630E200B1F67F /* AFURLResponseSerialization.m */ = {isa = PBXFileReference; fileEncoding = 4; lastKnownFileType = sourcecode.c.objc; path = AFURLResponseSerialization.m; sourceTree = "<group>"; };
		FD0E6936223630E200B1F67F /* AFHTTPSessionManager.m */ = {isa = PBXFileReference; fileEncoding = 4; lastKnownFileType = sourcecode.c.objc; path = AFHTTPSessionManager.m; sourceTree = "<group>"; };
		FD0E6937223630E200B1F67F /* AFURLResponseSerialization.h */ = {isa = PBXFileReference; fileEncoding = 4; lastKnownFileType = sourcecode.c.h; path = AFURLResponseSerialization.h; sourceTree = "<group>"; };
		FD0E6938223630E200B1F67F /* AFURLSessionManager.m */ = {isa = PBXFileReference; fileEncoding = 4; lastKnownFileType = sourcecode.c.objc; path = AFURLSessionManager.m; sourceTree = "<group>"; };
		FD0E6939223630E200B1F67F /* AFURLRequestSerialization.m */ = {isa = PBXFileReference; fileEncoding = 4; lastKnownFileType = sourcecode.c.objc; path = AFURLRequestSerialization.m; sourceTree = "<group>"; };
		FD0E693A223630E200B1F67F /* AFNetworking.h */ = {isa = PBXFileReference; fileEncoding = 4; lastKnownFileType = sourcecode.c.h; path = AFNetworking.h; sourceTree = "<group>"; };
		FD0E693B223630E200B1F67F /* AFNetworkReachabilityManager.m */ = {isa = PBXFileReference; fileEncoding = 4; lastKnownFileType = sourcecode.c.objc; path = AFNetworkReachabilityManager.m; sourceTree = "<group>"; };
		FD0E693C223630E200B1F67F /* AFSecurityPolicy.m */ = {isa = PBXFileReference; fileEncoding = 4; lastKnownFileType = sourcecode.c.objc; path = AFSecurityPolicy.m; sourceTree = "<group>"; };
		FD0E693D223630E200B1F67F /* AFCompatibilityMacros.h */ = {isa = PBXFileReference; fileEncoding = 4; lastKnownFileType = sourcecode.c.h; path = AFCompatibilityMacros.h; sourceTree = "<group>"; };
		FD0E693E223630E200B1F67F /* AFHTTPSessionManager.h */ = {isa = PBXFileReference; fileEncoding = 4; lastKnownFileType = sourcecode.c.h; path = AFHTTPSessionManager.h; sourceTree = "<group>"; };
		FD0E69452236381D00B1F67F /* BaseNetManager.h */ = {isa = PBXFileReference; fileEncoding = 4; lastKnownFileType = sourcecode.c.h; path = BaseNetManager.h; sourceTree = "<group>"; };
		FD0E69462236381E00B1F67F /* BaseNetManager.m */ = {isa = PBXFileReference; fileEncoding = 4; lastKnownFileType = sourcecode.c.objc; path = BaseNetManager.m; sourceTree = "<group>"; };
		FD69163E2228EC7F00DE3CD6 /* YYWebViewController.h */ = {isa = PBXFileReference; lastKnownFileType = sourcecode.c.h; path = YYWebViewController.h; sourceTree = "<group>"; };
		FD69163F2228EC7F00DE3CD6 /* YYWebViewController.m */ = {isa = PBXFileReference; lastKnownFileType = sourcecode.c.objc; path = YYWebViewController.m; sourceTree = "<group>"; };
		FDC46B802223854200C58FA2 /* NTMonthYearPicker.m */ = {isa = PBXFileReference; fileEncoding = 4; lastKnownFileType = sourcecode.c.objc; path = NTMonthYearPicker.m; sourceTree = "<group>"; };
		FDC46B812223854200C58FA2 /* NTMonthYearPicker.h */ = {isa = PBXFileReference; fileEncoding = 4; lastKnownFileType = sourcecode.c.h; path = NTMonthYearPicker.h; sourceTree = "<group>"; };
		FDC46B962223CA3300C58FA2 /* NSArray+Swizzle.h */ = {isa = PBXFileReference; fileEncoding = 4; lastKnownFileType = sourcecode.c.h; path = "NSArray+Swizzle.h"; sourceTree = "<group>"; };
		FDC46B972223CA3300C58FA2 /* UIViewController+Swizzle.m */ = {isa = PBXFileReference; fileEncoding = 4; lastKnownFileType = sourcecode.c.objc; path = "UIViewController+Swizzle.m"; sourceTree = "<group>"; };
		FDC46B982223CA3300C58FA2 /* JRSwizzle.h */ = {isa = PBXFileReference; fileEncoding = 4; lastKnownFileType = sourcecode.c.h; path = JRSwizzle.h; sourceTree = "<group>"; };
		FDC46B992223CA3300C58FA2 /* NSDictionary+Swizzle.m */ = {isa = PBXFileReference; fileEncoding = 4; lastKnownFileType = sourcecode.c.objc; path = "NSDictionary+Swizzle.m"; sourceTree = "<group>"; };
		FDC46B9A2223CA3300C58FA2 /* UIApplication+Swizzle.h */ = {isa = PBXFileReference; fileEncoding = 4; lastKnownFileType = sourcecode.c.h; path = "UIApplication+Swizzle.h"; sourceTree = "<group>"; };
		FDC46B9B2223CA3300C58FA2 /* UIButton+Swizzle.m */ = {isa = PBXFileReference; fileEncoding = 4; lastKnownFileType = sourcecode.c.objc; path = "UIButton+Swizzle.m"; sourceTree = "<group>"; };
		FDC46B9C2223CA3300C58FA2 /* UIViewController+Swizzle.h */ = {isa = PBXFileReference; fileEncoding = 4; lastKnownFileType = sourcecode.c.h; path = "UIViewController+Swizzle.h"; sourceTree = "<group>"; };
		FDC46B9D2223CA3300C58FA2 /* NSArray+Swizzle.m */ = {isa = PBXFileReference; fileEncoding = 4; lastKnownFileType = sourcecode.c.objc; path = "NSArray+Swizzle.m"; sourceTree = "<group>"; };
		FDC46B9E2223CA3300C58FA2 /* NSDictionary+Swizzle.h */ = {isa = PBXFileReference; fileEncoding = 4; lastKnownFileType = sourcecode.c.h; path = "NSDictionary+Swizzle.h"; sourceTree = "<group>"; };
		FDC46B9F2223CA3300C58FA2 /* JRSwizzle.m */ = {isa = PBXFileReference; fileEncoding = 4; lastKnownFileType = sourcecode.c.objc; path = JRSwizzle.m; sourceTree = "<group>"; };
		FDC46BA02223CA3300C58FA2 /* UIApplication+Swizzle.m */ = {isa = PBXFileReference; fileEncoding = 4; lastKnownFileType = sourcecode.c.objc; path = "UIApplication+Swizzle.m"; sourceTree = "<group>"; };
		FDC46BA12223CA3300C58FA2 /* UIButton+Swizzle.h */ = {isa = PBXFileReference; fileEncoding = 4; lastKnownFileType = sourcecode.c.h; path = "UIButton+Swizzle.h"; sourceTree = "<group>"; };
		FDC46BA82223CE7700C58FA2 /* APPConstant.h */ = {isa = PBXFileReference; lastKnownFileType = sourcecode.c.h; path = APPConstant.h; sourceTree = "<group>"; };
		FDF0B74E2223DFBD003A6999 /* YYDateUtil.h */ = {isa = PBXFileReference; lastKnownFileType = sourcecode.c.h; path = YYDateUtil.h; sourceTree = "<group>"; };
		FDF0B74F2223DFBD003A6999 /* YYDateUtil.m */ = {isa = PBXFileReference; lastKnownFileType = sourcecode.c.objc; path = YYDateUtil.m; sourceTree = "<group>"; };
		FDF0B7512223E2AF003A6999 /* LocalNotificationManager.m */ = {isa = PBXFileReference; fileEncoding = 4; lastKnownFileType = sourcecode.c.objc; path = LocalNotificationManager.m; sourceTree = "<group>"; };
		FDF0B7522223E2AF003A6999 /* LocalNotificationManager.h */ = {isa = PBXFileReference; fileEncoding = 4; lastKnownFileType = sourcecode.c.h; path = LocalNotificationManager.h; sourceTree = "<group>"; };
		FDF0BEF52230E9490040A892 /* YYKLineWebViewController.h */ = {isa = PBXFileReference; lastKnownFileType = sourcecode.c.h; path = YYKLineWebViewController.h; sourceTree = "<group>"; };
		FDF0BEF62230E9490040A892 /* YYKLineWebViewController.m */ = {isa = PBXFileReference; lastKnownFileType = sourcecode.c.objc; path = YYKLineWebViewController.m; sourceTree = "<group>"; };
/* End PBXFileReference section */

/* Begin PBXFrameworksBuildPhase section */
		06D158A1225C701B0040B6C6 /* Frameworks */ = {
			isa = PBXFrameworksBuildPhase;
			buildActionMask = 2147483647;
			files = (
			);
			runOnlyForDeploymentPostprocessing = 0;
		};
		61F13E721F91F670002F4681 /* Frameworks */ = {
			isa = PBXFrameworksBuildPhase;
			buildActionMask = 2147483647;
			files = (
				047622BE22468379005CD02C /* libsqlite3.0.tbd in Frameworks */,
			);
			runOnlyForDeploymentPostprocessing = 0;
		};
		61F13E8A1F91F670002F4681 /* Frameworks */ = {
			isa = PBXFrameworksBuildPhase;
			buildActionMask = 2147483647;
			files = (
			);
			runOnlyForDeploymentPostprocessing = 0;
		};
		61F13E951F91F670002F4681 /* Frameworks */ = {
			isa = PBXFrameworksBuildPhase;
			buildActionMask = 2147483647;
			files = (
			);
			runOnlyForDeploymentPostprocessing = 0;
		};
/* End PBXFrameworksBuildPhase section */

/* Begin PBXGroup section */
		047622BC22468379005CD02C /* Frameworks */ = {
			isa = PBXGroup;
			children = (
				047622BD22468379005CD02C /* libsqlite3.0.tbd */,
			);
			name = Frameworks;
			sourceTree = "<group>";
		};
		060C4B76222259DE004BA326 /* Stock */ = {
			isa = PBXGroup;
			children = (
				060C4B962222741D004BA326 /* YYBuyintoStockModel.h */,
				060C4B972222741D004BA326 /* YYBuyintoStockModel.m */,
				060C4B7B222259DE004BA326 /* YYStockModel.h */,
				06D1589D225C6EFE0040B6C6 /* YYSelfDefineCategoryStock.h */,
				06D1589E225C6EFE0040B6C6 /* YYSelfDefineCategoryStock.m */,
				060C4B77222259DE004BA326 /* YYStockModel.m */,
				060C4B7A222259DE004BA326 /* YYMenuLabel.h */,
				060C4B7D222259DE004BA326 /* YYMenuLabel.m */,
				060C4B78222259DE004BA326 /* YYSqliteManager.h */,
				060C4B7C222259DE004BA326 /* YYSqliteManager.m */,
				060C4B79222259DE004BA326 /* YYStockDB.h */,
				060C4B7E222259DE004BA326 /* YYStockDB.m */,
			);
			path = Stock;
			sourceTree = "<group>";
		};
		060C4B83222262A1004BA326 /* Classes */ = {
			isa = PBXGroup;
			children = (
				FDC46B7F2223854200C58FA2 /* packageView */,
				060C4B84222262A1004BA326 /* XMGModelProtocol.h */,
				060C4B85222262A1004BA326 /* XMGTableTool.m */,
				060C4B86222262A1004BA326 /* XMGSqliteModelTool.m */,
				060C4B87222262A1004BA326 /* XMGSqliteTool.m */,
				060C4B88222262A1004BA326 /* XMGModelTool.m */,
				060C4B89222262A1004BA326 /* XMGTableTool.h */,
				060C4B8A222262A1004BA326 /* XMGSqliteModelTool.h */,
				060C4B8B222262A1004BA326 /* XMGModelTool.h */,
				060C4B8C222262A1004BA326 /* XMGSqliteTool.h */,
			);
			path = Classes;
			sourceTree = "<group>";
		};
		06C5BBC32252F0900037B993 /* notes */ = {
			isa = PBXGroup;
			children = (
				06C5BBC42252F0A90037B993 /* note201904 */,
			);
			path = notes;
			sourceTree = "<group>";
		};
		06C5BBC62252FFB30037B993 /* search */ = {
			isa = PBXGroup;
			children = (
				06C5BBC72252FFD60037B993 /* YYSerachViewController.h */,
				06C5BBC82252FFD60037B993 /* YYSerachViewController.m */,
			);
			path = search;
			sourceTree = "<group>";
		};
		06C5BBCA2253315D0037B993 /* UIEvent */ = {
			isa = PBXGroup;
			children = (
				06C5BBD32253319D0037B993 /* TFEvent.h */,
				06C5BBD22253319C0037B993 /* TFEvent.m */,
				06C5BBCC2253318A0037B993 /* ActionEvent.h */,
				06C5BBCD2253318A0037B993 /* ActionEvent.m */,
				06C5BBD62253320C0037B993 /* ChangeListener.h */,
				06C5BBD5225332000037B993 /* ItemListener.h */,
				06C5BBCE2253318A0037B993 /* ActionListener.h */,
				06C5BBCB2253318A0037B993 /* ListenerBag.h */,
				06C5BBCF2253318A0037B993 /* ListenerBag.m */,
			);
			path = UIEvent;
			sourceTree = "<group>";
		};
		06D158A5225C701B0040B6C6 /* MyselfFunction */ = {
			isa = PBXGroup;
			children = (
				06D158E2225C73400040B6C6 /* Views */,
				06D158BA225C711C0040B6C6 /* Masonry */,
				06D158A6225C701B0040B6C6 /* AppDelegate.h */,
				06D158A7225C701B0040B6C6 /* AppDelegate.m */,
				06D158A9225C701B0040B6C6 /* ViewController.h */,
				06D158AA225C701B0040B6C6 /* ViewController.m */,
				06D158AC225C701B0040B6C6 /* Main.storyboard */,
				06D158EC225C81FA0040B6C6 /* StrongStocks.json */,
				06D158E0225C71A70040B6C6 /* food.json */,
				06D158AF225C701D0040B6C6 /* Assets.xcassets */,
				06D158B1225C701D0040B6C6 /* LaunchScreen.storyboard */,
				06D158B4225C701D0040B6C6 /* Info.plist */,
				06D158E9225C74060040B6C6 /* All.h */,
				06D158B5225C701D0040B6C6 /* main.m */,
			);
			path = MyselfFunction;
			sourceTree = "<group>";
		};
		06D158BA225C711C0040B6C6 /* Masonry */ = {
			isa = PBXGroup;
			children = (
				06D158BB225C711C0040B6C6 /* MASCompositeConstraint.h */,
				06D158BC225C711C0040B6C6 /* NSLayoutConstraint+MASDebugAdditions.m */,
				06D158BD225C711C0040B6C6 /* MASConstraint+Private.h */,
				06D158BE225C711C0040B6C6 /* MASLayoutConstraint.h */,
				06D158BF225C711C0040B6C6 /* NSArray+MASShorthandAdditions.h */,
				06D158C0225C711C0040B6C6 /* MASConstraintMaker.h */,
				06D158C1225C711C0040B6C6 /* View+MASAdditions.h */,
				06D158C2225C711C0040B6C6 /* NSArray+MASAdditions.h */,
				06D158C3225C711C0040B6C6 /* MASUtilities.h */,
				06D158C4225C711C0040B6C6 /* MASViewAttribute.h */,
				06D158C5225C711C0040B6C6 /* ViewController+MASAdditions.m */,
				06D158C6225C711C0040B6C6 /* MASViewConstraint.h */,
				06D158C7225C711C0040B6C6 /* MASConstraint.h */,
				06D158C8225C711C0040B6C6 /* NSLayoutConstraint+MASDebugAdditions.h */,
				06D158C9225C711C0040B6C6 /* MASCompositeConstraint.m */,
				06D158CA225C711C0040B6C6 /* MASConstraintMaker.m */,
				06D158CB225C711C0040B6C6 /* MASLayoutConstraint.m */,
				06D158CC225C711C0040B6C6 /* NSArray+MASAdditions.m */,
				06D158CD225C711C0040B6C6 /* View+MASAdditions.m */,
				06D158CE225C711C0040B6C6 /* View+MASShorthandAdditions.h */,
				06D158CF225C711C0040B6C6 /* Masonry.h */,
				06D158D0225C711C0040B6C6 /* MASConstraint.m */,
				06D158D1225C711C0040B6C6 /* ViewController+MASAdditions.h */,
				06D158D2225C711C0040B6C6 /* MASViewConstraint.m */,
				06D158D3225C711C0040B6C6 /* MASViewAttribute.m */,
				06D158D4225C711C0040B6C6 /* Info.plist */,
			);
			path = Masonry;
			sourceTree = "<group>";
		};
		06D158E2225C73400040B6C6 /* Views */ = {
			isa = PBXGroup;
			children = (
				06D158F0225C84120040B6C6 /* YYStockScrollView.h */,
				06D158F2225C84120040B6C6 /* YYStockScrollView.m */,
				06D158EF225C84120040B6C6 /* YYStockViewCell.h */,
				06D158F1225C84120040B6C6 /* YYStockViewCell.m */,
				06D158E5225C734A0040B6C6 /* MTCategoryCell.h */,
				06D158E4225C73490040B6C6 /* MTCategoryCell.m */,
				06D158E3225C73480040B6C6 /* MTStockHeaderView.h */,
				06D158E6225C734A0040B6C6 /* MTStockHeaderView.m */,
			);
			path = Views;
			sourceTree = "<group>";
		};
		61F13E6C1F91F670002F4681 = {
			isa = PBXGroup;
			children = (
				61F13E771F91F670002F4681 /* JJStockView */,
				61F13E901F91F670002F4681 /* StockViewTests */,
				61F13E9B1F91F670002F4681 /* StockViewUITests */,
				06D158A5225C701B0040B6C6 /* MyselfFunction */,
				61F13E761F91F670002F4681 /* Products */,
				047622BC22468379005CD02C /* Frameworks */,
			);
			sourceTree = "<group>";
		};
		61F13E761F91F670002F4681 /* Products */ = {
			isa = PBXGroup;
			children = (
				61F13E751F91F670002F4681 /* JJStockView.app */,
				61F13E8D1F91F670002F4681 /* JJStockViewTests.xctest */,
				61F13E981F91F670002F4681 /* JJStockViewUITests.xctest */,
				06D158A4225C701B0040B6C6 /* MyselfFunction.app */,
			);
			name = Products;
			sourceTree = "<group>";
		};
		61F13E771F91F670002F4681 /* JJStockView */ = {
			isa = PBXGroup;
			children = (
				06C5BBCA2253315D0037B993 /* UIEvent */,
				06C5BBC62252FFB30037B993 /* search */,
				06C5BBC32252F0900037B993 /* notes */,
				FD0E6930223630E200B1F67F /* AFNetworking */,
				FDF0B74D2223DF94003A6999 /* Tool */,
				FDC46B952223CA3300C58FA2 /* Swizzle */,
				060C4B83222262A1004BA326 /* Classes */,
				060C4B76222259DE004BA326 /* Stock */,
				61F13EAA1F91F6B1002F4681 /* Source */,
				61F13E781F91F670002F4681 /* AppDelegate.h */,
				61F13E791F91F670002F4681 /* AppDelegate.m */,
				61F13E7B1F91F670002F4681 /* DemoViewController.h */,
				61F13E7C1F91F670002F4681 /* DemoViewController.m */,
				06D15899225B4A1A0040B6C6 /* YYRedeemViewController.h */,
				06D1589A225B4A1A0040B6C6 /* YYRedeemViewController.m */,
				06487AF22245BC2E0008A5F0 /* note&URS */,
				060A94AC2240C37E00F42A54 /* YYCheckWebViewController.h */,
				060A94AD2240C37E00F42A54 /* YYCheckWebViewController.m */,
				FD69163E2228EC7F00DE3CD6 /* YYWebViewController.h */,
				FD69163F2228EC7F00DE3CD6 /* YYWebViewController.m */,
				FDF0BEF52230E9490040A892 /* YYKLineWebViewController.h */,
				FDF0BEF62230E9490040A892 /* YYKLineWebViewController.m */,
				060C4B9122226B9C004BA326 /* YYBuyIntoViewController.h */,
				060C4B9222226B9C004BA326 /* YYBuyIntoViewController.m */,
				060C4B9322226B9C004BA326 /* YYBuyIntoViewController.xib */,
				047622BF224683D9005CD02C /* testForCheck.xib */,
				61F13E811F91F670002F4681 /* Assets.xcassets */,
				61F13E861F91F670002F4681 /* Info.plist */,
				61F13E871F91F670002F4681 /* main.m */,
				FDC46BA82223CE7700C58FA2 /* APPConstant.h */,
			);
			path = JJStockView;
			sourceTree = "<group>";
		};
		61F13E901F91F670002F4681 /* StockViewTests */ = {
			isa = PBXGroup;
			children = (
				61F13E911F91F670002F4681 /* StockViewTests.m */,
				61F13E931F91F670002F4681 /* Info.plist */,
			);
			path = StockViewTests;
			sourceTree = "<group>";
		};
		61F13E9B1F91F670002F4681 /* StockViewUITests */ = {
			isa = PBXGroup;
			children = (
				61F13E9C1F91F670002F4681 /* StockViewUITests.m */,
				61F13E9E1F91F670002F4681 /* Info.plist */,
			);
			path = StockViewUITests;
			sourceTree = "<group>";
		};
		61F13EAA1F91F6B1002F4681 /* Source */ = {
			isa = PBXGroup;
			children = (
				61F13EAE1F91F6D4002F4681 /* JJStockView.h */,
				61F13EAD1F91F6D4002F4681 /* JJStockView.m */,
				61F13EAC1F91F6D3002F4681 /* JJStockViewCell.h */,
				61F13EAB1F91F6D3002F4681 /* JJStockViewCell.m */,
				6186110C1F95E2F600E4E8B4 /* JJStockScrollView.h */,
				6186110D1F95E2F600E4E8B4 /* JJStockScrollView.m */,
			);
			path = Source;
			sourceTree = "<group>";
		};
		FD0E6930223630E200B1F67F /* AFNetworking */ = {
			isa = PBXGroup;
			children = (
				FD0E6931223630E200B1F67F /* AFSecurityPolicy.h */,
				FD0E6932223630E200B1F67F /* AFNetworkReachabilityManager.h */,
				FD0E6933223630E200B1F67F /* AFURLSessionManager.h */,
				FD0E6934223630E200B1F67F /* AFURLRequestSerialization.h */,
				FD0E6935223630E200B1F67F /* AFURLResponseSerialization.m */,
				FD0E6936223630E200B1F67F /* AFHTTPSessionManager.m */,
				FD0E6937223630E200B1F67F /* AFURLResponseSerialization.h */,
				FD0E6938223630E200B1F67F /* AFURLSessionManager.m */,
				FD0E6939223630E200B1F67F /* AFURLRequestSerialization.m */,
				FD0E693A223630E200B1F67F /* AFNetworking.h */,
				FD0E693B223630E200B1F67F /* AFNetworkReachabilityManager.m */,
				FD0E693C223630E200B1F67F /* AFSecurityPolicy.m */,
				FD0E693D223630E200B1F67F /* AFCompatibilityMacros.h */,
				FD0E693E223630E200B1F67F /* AFHTTPSessionManager.h */,
			);
			path = AFNetworking;
			sourceTree = "<group>";
		};
		FDC46B7F2223854200C58FA2 /* packageView */ = {
			isa = PBXGroup;
			children = (
				FDC46B802223854200C58FA2 /* NTMonthYearPicker.m */,
				FDC46B812223854200C58FA2 /* NTMonthYearPicker.h */,
			);
			path = packageView;
			sourceTree = "<group>";
		};
		FDC46B952223CA3300C58FA2 /* Swizzle */ = {
			isa = PBXGroup;
			children = (
				FDC46B962223CA3300C58FA2 /* NSArray+Swizzle.h */,
				FDC46B972223CA3300C58FA2 /* UIViewController+Swizzle.m */,
				FDC46B982223CA3300C58FA2 /* JRSwizzle.h */,
				FDC46B992223CA3300C58FA2 /* NSDictionary+Swizzle.m */,
				FDC46B9A2223CA3300C58FA2 /* UIApplication+Swizzle.h */,
				FDC46B9B2223CA3300C58FA2 /* UIButton+Swizzle.m */,
				FDC46B9C2223CA3300C58FA2 /* UIViewController+Swizzle.h */,
				FDC46B9D2223CA3300C58FA2 /* NSArray+Swizzle.m */,
				FDC46B9E2223CA3300C58FA2 /* NSDictionary+Swizzle.h */,
				FDC46B9F2223CA3300C58FA2 /* JRSwizzle.m */,
				FDC46BA02223CA3300C58FA2 /* UIApplication+Swizzle.m */,
				FDC46BA12223CA3300C58FA2 /* UIButton+Swizzle.h */,
			);
			path = Swizzle;
			sourceTree = "<group>";
		};
		FDF0B74D2223DF94003A6999 /* Tool */ = {
			isa = PBXGroup;
			children = (
				FD0E69452236381D00B1F67F /* BaseNetManager.h */,
				FD0E69462236381E00B1F67F /* BaseNetManager.m */,
				FD0E692D2236308800B1F67F /* XMGSessionManager.h */,
				FD0E692E2236308800B1F67F /* XMGSessionManager.m */,
				FDF0B7522223E2AF003A6999 /* LocalNotificationManager.h */,
				FDF0B7512223E2AF003A6999 /* LocalNotificationManager.m */,
				FDF0B74E2223DFBD003A6999 /* YYDateUtil.h */,
				FDF0B74F2223DFBD003A6999 /* YYDateUtil.m */,
			);
			path = Tool;
			sourceTree = "<group>";
		};
/* End PBXGroup section */

/* Begin PBXNativeTarget section */
		06D158A3225C701B0040B6C6 /* MyselfFunction */ = {
			isa = PBXNativeTarget;
			buildConfigurationList = 06D158B7225C701D0040B6C6 /* Build configuration list for PBXNativeTarget "MyselfFunction" */;
			buildPhases = (
				06D158A0225C701B0040B6C6 /* Sources */,
				06D158A1225C701B0040B6C6 /* Frameworks */,
				06D158A2225C701B0040B6C6 /* Resources */,
			);
			buildRules = (
			);
			dependencies = (
			);
			name = MyselfFunction;
			productName = MyselfFunction;
			productReference = 06D158A4225C701B0040B6C6 /* MyselfFunction.app */;
			productType = "com.apple.product-type.application";
		};
		61F13E741F91F670002F4681 /* JJStockView */ = {
			isa = PBXNativeTarget;
			buildConfigurationList = 61F13EA11F91F670002F4681 /* Build configuration list for PBXNativeTarget "JJStockView" */;
			buildPhases = (
				61F13E711F91F670002F4681 /* Sources */,
				61F13E721F91F670002F4681 /* Frameworks */,
				61F13E731F91F670002F4681 /* Resources */,
			);
			buildRules = (
			);
			dependencies = (
			);
			name = JJStockView;
			productName = StockView;
			productReference = 61F13E751F91F670002F4681 /* JJStockView.app */;
			productType = "com.apple.product-type.application";
		};
		61F13E8C1F91F670002F4681 /* JJStockViewTests */ = {
			isa = PBXNativeTarget;
			buildConfigurationList = 61F13EA41F91F670002F4681 /* Build configuration list for PBXNativeTarget "JJStockViewTests" */;
			buildPhases = (
				61F13E891F91F670002F4681 /* Sources */,
				61F13E8A1F91F670002F4681 /* Frameworks */,
				61F13E8B1F91F670002F4681 /* Resources */,
			);
			buildRules = (
			);
			dependencies = (
				61F13E8F1F91F670002F4681 /* PBXTargetDependency */,
			);
			name = JJStockViewTests;
			productName = StockViewTests;
			productReference = 61F13E8D1F91F670002F4681 /* JJStockViewTests.xctest */;
			productType = "com.apple.product-type.bundle.unit-test";
		};
		61F13E971F91F670002F4681 /* JJStockViewUITests */ = {
			isa = PBXNativeTarget;
			buildConfigurationList = 61F13EA71F91F670002F4681 /* Build configuration list for PBXNativeTarget "JJStockViewUITests" */;
			buildPhases = (
				61F13E941F91F670002F4681 /* Sources */,
				61F13E951F91F670002F4681 /* Frameworks */,
				61F13E961F91F670002F4681 /* Resources */,
			);
			buildRules = (
			);
			dependencies = (
				61F13E9A1F91F670002F4681 /* PBXTargetDependency */,
			);
			name = JJStockViewUITests;
			productName = StockViewUITests;
			productReference = 61F13E981F91F670002F4681 /* JJStockViewUITests.xctest */;
			productType = "com.apple.product-type.bundle.ui-testing";
		};
/* End PBXNativeTarget section */

/* Begin PBXProject section */
		61F13E6D1F91F670002F4681 /* Project object */ = {
			isa = PBXProject;
			attributes = {
				LastUpgradeCheck = 0900;
				ORGANIZATIONNAME = Jezz;
				TargetAttributes = {
					06D158A3225C701B0040B6C6 = {
						CreatedOnToolsVersion = 9.4.1;
						ProvisioningStyle = Automatic;
					};
					61F13E741F91F670002F4681 = {
						CreatedOnToolsVersion = 9.0;
						ProvisioningStyle = Automatic;
					};
					61F13E8C1F91F670002F4681 = {
						CreatedOnToolsVersion = 9.0;
						ProvisioningStyle = Automatic;
						TestTargetID = 61F13E741F91F670002F4681;
					};
					61F13E971F91F670002F4681 = {
						CreatedOnToolsVersion = 9.0;
						ProvisioningStyle = Automatic;
						TestTargetID = 61F13E741F91F670002F4681;
					};
				};
			};
			buildConfigurationList = 61F13E701F91F670002F4681 /* Build configuration list for PBXProject "JJStockView" */;
			compatibilityVersion = "Xcode 8.0";
			developmentRegion = en;
			hasScannedForEncodings = 0;
			knownRegions = (
				en,
				Base,
			);
			mainGroup = 61F13E6C1F91F670002F4681;
			productRefGroup = 61F13E761F91F670002F4681 /* Products */;
			projectDirPath = "";
			projectRoot = "";
			targets = (
				61F13E741F91F670002F4681 /* JJStockView */,
				61F13E8C1F91F670002F4681 /* JJStockViewTests */,
				61F13E971F91F670002F4681 /* JJStockViewUITests */,
				06D158A3225C701B0040B6C6 /* MyselfFunction */,
			);
		};
/* End PBXProject section */

/* Begin PBXResourcesBuildPhase section */
		06D158A2225C701B0040B6C6 /* Resources */ = {
			isa = PBXResourcesBuildPhase;
			buildActionMask = 2147483647;
			files = (
				06D158DF225C711C0040B6C6 /* Info.plist in Resources */,
				06D158ED225C81FB0040B6C6 /* StrongStocks.json in Resources */,
				06D158B3225C701D0040B6C6 /* LaunchScreen.storyboard in Resources */,
				06D158E1225C71A80040B6C6 /* food.json in Resources */,
				06D158B0225C701D0040B6C6 /* Assets.xcassets in Resources */,
				06D158AE225C701B0040B6C6 /* Main.storyboard in Resources */,
			);
			runOnlyForDeploymentPostprocessing = 0;
		};
		61F13E731F91F670002F4681 /* Resources */ = {
			isa = PBXResourcesBuildPhase;
			buildActionMask = 2147483647;
			files = (
				61F13E821F91F670002F4681 /* Assets.xcassets in Resources */,
				06C5BBC52252F0A90037B993 /* note201904 in Resources */,
				06487AF32245BC2E0008A5F0 /* note&URS in Resources */,
				047622C0224683D9005CD02C /* testForCheck.xib in Resources */,
				060C4B9522226B9C004BA326 /* YYBuyIntoViewController.xib in Resources */,
			);
			runOnlyForDeploymentPostprocessing = 0;
		};
		61F13E8B1F91F670002F4681 /* Resources */ = {
			isa = PBXResourcesBuildPhase;
			buildActionMask = 2147483647;
			files = (
			);
			runOnlyForDeploymentPostprocessing = 0;
		};
		61F13E961F91F670002F4681 /* Resources */ = {
			isa = PBXResourcesBuildPhase;
			buildActionMask = 2147483647;
			files = (
			);
			runOnlyForDeploymentPostprocessing = 0;
		};
/* End PBXResourcesBuildPhase section */

/* Begin PBXSourcesBuildPhase section */
		06D158A0225C701B0040B6C6 /* Sources */ = {
			isa = PBXSourcesBuildPhase;
			buildActionMask = 2147483647;
			files = (
				06D158EA225C781A0040B6C6 /* YYSelfDefineCategoryStock.m in Sources */,
				06D158D8225C711C0040B6C6 /* MASConstraintMaker.m in Sources */,
				06D158AB225C701B0040B6C6 /* ViewController.m in Sources */,
				06D158D6225C711C0040B6C6 /* ViewController+MASAdditions.m in Sources */,
				06D158DD225C711C0040B6C6 /* MASViewConstraint.m in Sources */,
				06D158B6225C701D0040B6C6 /* main.m in Sources */,
				06D158D9225C711C0040B6C6 /* MASLayoutConstraint.m in Sources */,
				06D158E7225C734B0040B6C6 /* MTCategoryCell.m in Sources */,
				06D158F3225C84120040B6C6 /* YYStockViewCell.m in Sources */,
				06D158DC225C711C0040B6C6 /* MASConstraint.m in Sources */,
				06D158DA225C711C0040B6C6 /* NSArray+MASAdditions.m in Sources */,
				06D158A8225C701B0040B6C6 /* AppDelegate.m in Sources */,
				06D158F4225C84120040B6C6 /* YYStockScrollView.m in Sources */,
				06D158D7225C711C0040B6C6 /* MASCompositeConstraint.m in Sources */,
				06D158DB225C711C0040B6C6 /* View+MASAdditions.m in Sources */,
				06D158D5225C711C0040B6C6 /* NSLayoutConstraint+MASDebugAdditions.m in Sources */,
				06D158DE225C711C0040B6C6 /* MASViewAttribute.m in Sources */,
				06D158E8225C734B0040B6C6 /* MTStockHeaderView.m in Sources */,
			);
			runOnlyForDeploymentPostprocessing = 0;
		};
		61F13E711F91F670002F4681 /* Sources */ = {
			isa = PBXSourcesBuildPhase;
			buildActionMask = 2147483647;
			files = (
				06C5BBD42253319D0037B993 /* TFEvent.m in Sources */,
				FDF0BEF72230E9490040A892 /* YYKLineWebViewController.m in Sources */,
				FDF0B7532223E2AF003A6999 /* LocalNotificationManager.m in Sources */,
				61F13EB01F91F6D4002F4681 /* JJStockView.m in Sources */,
				FDC46BA22223CA3300C58FA2 /* UIViewController+Swizzle.m in Sources */,
				060C4B982222741D004BA326 /* YYBuyintoStockModel.m in Sources */,
				06C5BBD12253318B0037B993 /* ListenerBag.m in Sources */,
				060C4B8F222262A2004BA326 /* XMGSqliteTool.m in Sources */,
				FDC46BA32223CA3300C58FA2 /* NSDictionary+Swizzle.m in Sources */,
				060C4B8D222262A2004BA326 /* XMGTableTool.m in Sources */,
				060C4B9422226B9C004BA326 /* YYBuyIntoViewController.m in Sources */,
				060C4B7F222259DE004BA326 /* YYStockModel.m in Sources */,
				FD6916402228EC7F00DE3CD6 /* YYWebViewController.m in Sources */,
				61F13E7D1F91F670002F4681 /* DemoViewController.m in Sources */,
				FDC46BA52223CA3300C58FA2 /* NSArray+Swizzle.m in Sources */,
				FD0E6941223630E200B1F67F /* AFURLSessionManager.m in Sources */,
				FD0E692F2236308800B1F67F /* XMGSessionManager.m in Sources */,
				060C4B8E222262A2004BA326 /* XMGSqliteModelTool.m in Sources */,
				060C4B80222259DE004BA326 /* YYSqliteManager.m in Sources */,
				FDC46BA72223CA3300C58FA2 /* UIApplication+Swizzle.m in Sources */,
				060C4B82222259DE004BA326 /* YYStockDB.m in Sources */,
				6186110E1F95E2F600E4E8B4 /* JJStockScrollView.m in Sources */,
				06C5BBC92252FFD60037B993 /* YYSerachViewController.m in Sources */,
				FD0E693F223630E200B1F67F /* AFURLResponseSerialization.m in Sources */,
				06C5BBD02253318B0037B993 /* ActionEvent.m in Sources */,
				06D1589B225B4A1A0040B6C6 /* YYRedeemViewController.m in Sources */,
				FDC46B822223854200C58FA2 /* NTMonthYearPicker.m in Sources */,
				61F13EAF1F91F6D4002F4681 /* JJStockViewCell.m in Sources */,
				FD0E6942223630E200B1F67F /* AFURLRequestSerialization.m in Sources */,
				060C4B81222259DE004BA326 /* YYMenuLabel.m in Sources */,
				61F13E881F91F670002F4681 /* main.m in Sources */,
				FD0E69472236381E00B1F67F /* BaseNetManager.m in Sources */,
				FD0E6944223630E200B1F67F /* AFSecurityPolicy.m in Sources */,
				060C4B90222262A2004BA326 /* XMGModelTool.m in Sources */,
				FDC46BA42223CA3300C58FA2 /* UIButton+Swizzle.m in Sources */,
				06D1589F225C6EFE0040B6C6 /* YYSelfDefineCategoryStock.m in Sources */,
				FDF0B7502223DFBD003A6999 /* YYDateUtil.m in Sources */,
				FD0E6940223630E200B1F67F /* AFHTTPSessionManager.m in Sources */,
				FDC46BA62223CA3300C58FA2 /* JRSwizzle.m in Sources */,
				FD0E6943223630E200B1F67F /* AFNetworkReachabilityManager.m in Sources */,
				060A94AE2240C37E00F42A54 /* YYCheckWebViewController.m in Sources */,
				61F13E7A1F91F670002F4681 /* AppDelegate.m in Sources */,
			);
			runOnlyForDeploymentPostprocessing = 0;
		};
		61F13E891F91F670002F4681 /* Sources */ = {
			isa = PBXSourcesBuildPhase;
			buildActionMask = 2147483647;
			files = (
				61F13E921F91F670002F4681 /* StockViewTests.m in Sources */,
			);
			runOnlyForDeploymentPostprocessing = 0;
		};
		61F13E941F91F670002F4681 /* Sources */ = {
			isa = PBXSourcesBuildPhase;
			buildActionMask = 2147483647;
			files = (
				61F13E9D1F91F670002F4681 /* StockViewUITests.m in Sources */,
			);
			runOnlyForDeploymentPostprocessing = 0;
		};
/* End PBXSourcesBuildPhase section */

/* Begin PBXTargetDependency section */
		61F13E8F1F91F670002F4681 /* PBXTargetDependency */ = {
			isa = PBXTargetDependency;
			target = 61F13E741F91F670002F4681 /* JJStockView */;
			targetProxy = 61F13E8E1F91F670002F4681 /* PBXContainerItemProxy */;
		};
		61F13E9A1F91F670002F4681 /* PBXTargetDependency */ = {
			isa = PBXTargetDependency;
			target = 61F13E741F91F670002F4681 /* JJStockView */;
			targetProxy = 61F13E991F91F670002F4681 /* PBXContainerItemProxy */;
		};
/* End PBXTargetDependency section */

/* Begin PBXVariantGroup section */
		06D158AC225C701B0040B6C6 /* Main.storyboard */ = {
			isa = PBXVariantGroup;
			children = (
				06D158AD225C701B0040B6C6 /* Base */,
			);
			name = Main.storyboard;
			sourceTree = "<group>";
		};
		06D158B1225C701D0040B6C6 /* LaunchScreen.storyboard */ = {
			isa = PBXVariantGroup;
			children = (
				06D158B2225C701D0040B6C6 /* Base */,
			);
			name = LaunchScreen.storyboard;
			sourceTree = "<group>";
		};
/* End PBXVariantGroup section */

/* Begin XCBuildConfiguration section */
		06D158B8225C701D0040B6C6 /* Debug */ = {
			isa = XCBuildConfiguration;
			buildSettings = {
				ASSETCATALOG_COMPILER_APPICON_NAME = AppIcon;
				CLANG_ENABLE_OBJC_WEAK = YES;
				CLANG_WARN_DEPRECATED_OBJC_IMPLEMENTATIONS = YES;
				CLANG_WARN_OBJC_IMPLICIT_RETAIN_SELF = YES;
				CODE_SIGN_STYLE = Automatic;
				GCC_PREFIX_HEADER = "";
				INFOPLIST_FILE = MyselfFunction/Info.plist;
				IPHONEOS_DEPLOYMENT_TARGET = 11.4;
				LD_RUNPATH_SEARCH_PATHS = "$(inherited) @executable_path/Frameworks";
				PRODUCT_BUNDLE_IDENTIFIER = yy.MyselfFunction;
				PRODUCT_NAME = "$(TARGET_NAME)";
				TARGETED_DEVICE_FAMILY = "1,2";
			};
			name = Debug;
		};
		06D158B9225C701D0040B6C6 /* Release */ = {
			isa = XCBuildConfiguration;
			buildSettings = {
				ASSETCATALOG_COMPILER_APPICON_NAME = AppIcon;
				CLANG_ENABLE_OBJC_WEAK = YES;
				CLANG_WARN_DEPRECATED_OBJC_IMPLEMENTATIONS = YES;
				CLANG_WARN_OBJC_IMPLICIT_RETAIN_SELF = YES;
				CODE_SIGN_STYLE = Automatic;
				GCC_PREFIX_HEADER = "";
				INFOPLIST_FILE = MyselfFunction/Info.plist;
				IPHONEOS_DEPLOYMENT_TARGET = 11.4;
				LD_RUNPATH_SEARCH_PATHS = "$(inherited) @executable_path/Frameworks";
				PRODUCT_BUNDLE_IDENTIFIER = yy.MyselfFunction;
				PRODUCT_NAME = "$(TARGET_NAME)";
				TARGETED_DEVICE_FAMILY = "1,2";
			};
			name = Release;
		};
		61F13E9F1F91F670002F4681 /* Debug */ = {
			isa = XCBuildConfiguration;
			buildSettings = {
				ALWAYS_SEARCH_USER_PATHS = NO;
				CLANG_ANALYZER_NONNULL = YES;
				CLANG_ANALYZER_NUMBER_OBJECT_CONVERSION = YES_AGGRESSIVE;
				CLANG_CXX_LANGUAGE_STANDARD = "gnu++14";
				CLANG_CXX_LIBRARY = "libc++";
				CLANG_ENABLE_MODULES = YES;
				CLANG_ENABLE_OBJC_ARC = YES;
				CLANG_WARN_BLOCK_CAPTURE_AUTORELEASING = YES;
				CLANG_WARN_BOOL_CONVERSION = YES;
				CLANG_WARN_COMMA = YES;
				CLANG_WARN_CONSTANT_CONVERSION = YES;
				CLANG_WARN_DIRECT_OBJC_ISA_USAGE = YES_ERROR;
				CLANG_WARN_DOCUMENTATION_COMMENTS = YES;
				CLANG_WARN_EMPTY_BODY = YES;
				CLANG_WARN_ENUM_CONVERSION = YES;
				CLANG_WARN_INFINITE_RECURSION = YES;
				CLANG_WARN_INT_CONVERSION = YES;
				CLANG_WARN_NON_LITERAL_NULL_CONVERSION = YES;
				CLANG_WARN_OBJC_LITERAL_CONVERSION = YES;
				CLANG_WARN_OBJC_ROOT_CLASS = YES_ERROR;
				CLANG_WARN_RANGE_LOOP_ANALYSIS = YES;
				CLANG_WARN_STRICT_PROTOTYPES = YES;
				CLANG_WARN_SUSPICIOUS_MOVE = YES;
				CLANG_WARN_UNGUARDED_AVAILABILITY = YES_AGGRESSIVE;
				CLANG_WARN_UNREACHABLE_CODE = YES;
				CLANG_WARN__DUPLICATE_METHOD_MATCH = YES;
				CODE_SIGN_IDENTITY = "iPhone Developer";
				COPY_PHASE_STRIP = NO;
				DEBUG_INFORMATION_FORMAT = dwarf;
				ENABLE_STRICT_OBJC_MSGSEND = YES;
				ENABLE_TESTABILITY = YES;
				GCC_C_LANGUAGE_STANDARD = gnu11;
				GCC_DYNAMIC_NO_PIC = NO;
				GCC_NO_COMMON_BLOCKS = YES;
				GCC_OPTIMIZATION_LEVEL = 0;
				GCC_PREPROCESSOR_DEFINITIONS = (
					"DEBUG=1",
					"$(inherited)",
				);
				GCC_WARN_64_TO_32_BIT_CONVERSION = YES;
				GCC_WARN_ABOUT_RETURN_TYPE = YES_ERROR;
				GCC_WARN_UNDECLARED_SELECTOR = YES;
				GCC_WARN_UNINITIALIZED_AUTOS = YES_AGGRESSIVE;
				GCC_WARN_UNUSED_FUNCTION = YES;
				GCC_WARN_UNUSED_VARIABLE = YES;
				IPHONEOS_DEPLOYMENT_TARGET = 11.0;
				MTL_ENABLE_DEBUG_INFO = YES;
				ONLY_ACTIVE_ARCH = YES;
				SDKROOT = iphoneos;
			};
			name = Debug;
		};
		61F13EA01F91F670002F4681 /* Release */ = {
			isa = XCBuildConfiguration;
			buildSettings = {
				ALWAYS_SEARCH_USER_PATHS = NO;
				CLANG_ANALYZER_NONNULL = YES;
				CLANG_ANALYZER_NUMBER_OBJECT_CONVERSION = YES_AGGRESSIVE;
				CLANG_CXX_LANGUAGE_STANDARD = "gnu++14";
				CLANG_CXX_LIBRARY = "libc++";
				CLANG_ENABLE_MODULES = YES;
				CLANG_ENABLE_OBJC_ARC = YES;
				CLANG_WARN_BLOCK_CAPTURE_AUTORELEASING = YES;
				CLANG_WARN_BOOL_CONVERSION = YES;
				CLANG_WARN_COMMA = YES;
				CLANG_WARN_CONSTANT_CONVERSION = YES;
				CLANG_WARN_DIRECT_OBJC_ISA_USAGE = YES_ERROR;
				CLANG_WARN_DOCUMENTATION_COMMENTS = YES;
				CLANG_WARN_EMPTY_BODY = YES;
				CLANG_WARN_ENUM_CONVERSION = YES;
				CLANG_WARN_INFINITE_RECURSION = YES;
				CLANG_WARN_INT_CONVERSION = YES;
				CLANG_WARN_NON_LITERAL_NULL_CONVERSION = YES;
				CLANG_WARN_OBJC_LITERAL_CONVERSION = YES;
				CLANG_WARN_OBJC_ROOT_CLASS = YES_ERROR;
				CLANG_WARN_RANGE_LOOP_ANALYSIS = YES;
				CLANG_WARN_STRICT_PROTOTYPES = YES;
				CLANG_WARN_SUSPICIOUS_MOVE = YES;
				CLANG_WARN_UNGUARDED_AVAILABILITY = YES_AGGRESSIVE;
				CLANG_WARN_UNREACHABLE_CODE = YES;
				CLANG_WARN__DUPLICATE_METHOD_MATCH = YES;
				CODE_SIGN_IDENTITY = "iPhone Developer";
				COPY_PHASE_STRIP = NO;
				DEBUG_INFORMATION_FORMAT = "dwarf-with-dsym";
				ENABLE_NS_ASSERTIONS = NO;
				ENABLE_STRICT_OBJC_MSGSEND = YES;
				GCC_C_LANGUAGE_STANDARD = gnu11;
				GCC_NO_COMMON_BLOCKS = YES;
				GCC_WARN_64_TO_32_BIT_CONVERSION = YES;
				GCC_WARN_ABOUT_RETURN_TYPE = YES_ERROR;
				GCC_WARN_UNDECLARED_SELECTOR = YES;
				GCC_WARN_UNINITIALIZED_AUTOS = YES_AGGRESSIVE;
				GCC_WARN_UNUSED_FUNCTION = YES;
				GCC_WARN_UNUSED_VARIABLE = YES;
				IPHONEOS_DEPLOYMENT_TARGET = 11.0;
				MTL_ENABLE_DEBUG_INFO = NO;
				SDKROOT = iphoneos;
				VALIDATE_PRODUCT = YES;
			};
			name = Release;
		};
		61F13EA21F91F670002F4681 /* Debug */ = {
			isa = XCBuildConfiguration;
			buildSettings = {
				ASSETCATALOG_COMPILER_APPICON_NAME = AppIcon;
				ASSETCATALOG_COMPILER_LAUNCHIMAGE_NAME = LaunchImage;
				CODE_SIGN_IDENTITY = "iPhone Developer";
				CODE_SIGN_STYLE = Automatic;
				DEVELOPMENT_TEAM = 466F58GF93;
				GCC_PREFIX_HEADER = JJStockView/APPConstant.h;
				INFOPLIST_FILE = "$(SRCROOT)/JJStockView/Info.plist";
				IPHONEOS_DEPLOYMENT_TARGET = 8.0;
				LD_RUNPATH_SEARCH_PATHS = "$(inherited) @executable_path/Frameworks";
				PRODUCT_BUNDLE_IDENTIFIER = JJStockView.com.aaaa;
				PRODUCT_NAME = "$(TARGET_NAME)";
				PROVISIONING_PROFILE = "";
				PROVISIONING_PROFILE_SPECIFIER = "";
				TARGETED_DEVICE_FAMILY = "1,2";
			};
			name = Debug;
		};
		61F13EA31F91F670002F4681 /* Release */ = {
			isa = XCBuildConfiguration;
			buildSettings = {
				ASSETCATALOG_COMPILER_APPICON_NAME = AppIcon;
				ASSETCATALOG_COMPILER_LAUNCHIMAGE_NAME = LaunchImage;
				CODE_SIGN_IDENTITY = "iPhone Developer";
				CODE_SIGN_STYLE = Automatic;
				DEVELOPMENT_TEAM = 466F58GF93;
				GCC_PREFIX_HEADER = JJStockView/APPConstant.h;
				INFOPLIST_FILE = "$(SRCROOT)/JJStockView/Info.plist";
				IPHONEOS_DEPLOYMENT_TARGET = 8.0;
				LD_RUNPATH_SEARCH_PATHS = "$(inherited) @executable_path/Frameworks";
				PRODUCT_BUNDLE_IDENTIFIER = JJStockView.com.aaaa;
				PRODUCT_NAME = "$(TARGET_NAME)";
				PROVISIONING_PROFILE_SPECIFIER = "";
				TARGETED_DEVICE_FAMILY = "1,2";
			};
			name = Release;
		};
		61F13EA51F91F670002F4681 /* Debug */ = {
			isa = XCBuildConfiguration;
			buildSettings = {
				BUNDLE_LOADER = "$(TEST_HOST)";
				CODE_SIGN_STYLE = Automatic;
				INFOPLIST_FILE = StockViewTests/Info.plist;
				LD_RUNPATH_SEARCH_PATHS = "$(inherited) @executable_path/Frameworks @loader_path/Frameworks";
				PRODUCT_BUNDLE_IDENTIFIER = StockView.StockViewTests;
				PRODUCT_NAME = "$(TARGET_NAME)";
				TARGETED_DEVICE_FAMILY = "1,2";
				TEST_HOST = "$(BUILT_PRODUCTS_DIR)/JJStockView.app/JJStockView";
			};
			name = Debug;
		};
		61F13EA61F91F670002F4681 /* Release */ = {
			isa = XCBuildConfiguration;
			buildSettings = {
				BUNDLE_LOADER = "$(TEST_HOST)";
				CODE_SIGN_STYLE = Automatic;
				INFOPLIST_FILE = StockViewTests/Info.plist;
				LD_RUNPATH_SEARCH_PATHS = "$(inherited) @executable_path/Frameworks @loader_path/Frameworks";
				PRODUCT_BUNDLE_IDENTIFIER = StockView.StockViewTests;
				PRODUCT_NAME = "$(TARGET_NAME)";
				TARGETED_DEVICE_FAMILY = "1,2";
				TEST_HOST = "$(BUILT_PRODUCTS_DIR)/JJStockView.app/JJStockView";
			};
			name = Release;
		};
		61F13EA81F91F670002F4681 /* Debug */ = {
			isa = XCBuildConfiguration;
			buildSettings = {
				CODE_SIGN_STYLE = Automatic;
				INFOPLIST_FILE = StockViewUITests/Info.plist;
				LD_RUNPATH_SEARCH_PATHS = "$(inherited) @executable_path/Frameworks @loader_path/Frameworks";
				PRODUCT_BUNDLE_IDENTIFIER = StockView.StockViewUITests;
				PRODUCT_NAME = "$(TARGET_NAME)";
				TARGETED_DEVICE_FAMILY = "1,2";
				TEST_TARGET_NAME = StockView;
			};
			name = Debug;
		};
		61F13EA91F91F670002F4681 /* Release */ = {
			isa = XCBuildConfiguration;
			buildSettings = {
				CODE_SIGN_STYLE = Automatic;
				INFOPLIST_FILE = StockViewUITests/Info.plist;
				LD_RUNPATH_SEARCH_PATHS = "$(inherited) @executable_path/Frameworks @loader_path/Frameworks";
				PRODUCT_BUNDLE_IDENTIFIER = StockView.StockViewUITests;
				PRODUCT_NAME = "$(TARGET_NAME)";
				TARGETED_DEVICE_FAMILY = "1,2";
				TEST_TARGET_NAME = StockView;
			};
			name = Release;
		};
/* End XCBuildConfiguration section */

/* Begin XCConfigurationList section */
		06D158B7225C701D0040B6C6 /* Build configuration list for PBXNativeTarget "MyselfFunction" */ = {
			isa = XCConfigurationList;
			buildConfigurations = (
				06D158B8225C701D0040B6C6 /* Debug */,
				06D158B9225C701D0040B6C6 /* Release */,
			);
			defaultConfigurationIsVisible = 0;
			defaultConfigurationName = Release;
		};
		61F13E701F91F670002F4681 /* Build configuration list for PBXProject "JJStockView" */ = {
			isa = XCConfigurationList;
			buildConfigurations = (
				61F13E9F1F91F670002F4681 /* Debug */,
				61F13EA01F91F670002F4681 /* Release */,
			);
			defaultConfigurationIsVisible = 0;
			defaultConfigurationName = Release;
		};
		61F13EA11F91F670002F4681 /* Build configuration list for PBXNativeTarget "JJStockView" */ = {
			isa = XCConfigurationList;
			buildConfigurations = (
				61F13EA21F91F670002F4681 /* Debug */,
				61F13EA31F91F670002F4681 /* Release */,
			);
			defaultConfigurationIsVisible = 0;
			defaultConfigurationName = Release;
		};
		61F13EA41F91F670002F4681 /* Build configuration list for PBXNativeTarget "JJStockViewTests" */ = {
			isa = XCConfigurationList;
			buildConfigurations = (
				61F13EA51F91F670002F4681 /* Debug */,
				61F13EA61F91F670002F4681 /* Release */,
			);
			defaultConfigurationIsVisible = 0;
			defaultConfigurationName = Release;
		};
		61F13EA71F91F670002F4681 /* Build configuration list for PBXNativeTarget "JJStockViewUITests" */ = {
			isa = XCConfigurationList;
			buildConfigurations = (
				61F13EA81F91F670002F4681 /* Debug */,
				61F13EA91F91F670002F4681 /* Release */,
			);
			defaultConfigurationIsVisible = 0;
			defaultConfigurationName = Release;
		};
/* End XCConfigurationList section */
	};
	rootObject = 61F13E6D1F91F670002F4681 /* Project object */;
}
